
Microsoft Visual Studio Solution File, Format Version 12.00
# Visual Studio Version 17
VisualStudioVersion = 17.1.32319.34
MinimumVisualStudioVersion = 10.0.40219.1
Project("{2150E333-8FDC-42A3-9474-1A3956D46DE8}") = "Solution Items", "Solution Items", "{71AA1B17-85C6-4BD6-A656-D0D05F3BF051}"
	ProjectSection(SolutionItems) = preProject
		.editorconfig = .editorconfig
		azure-pipelines-pr-build-test.yml = azure-pipelines-pr-build-test.yml
		azure-pipelines-store-sql-scripts.yml = azure-pipelines-store-sql-scripts.yml
		azure-pipelines.yml = azure-pipelines.yml
		CodeStandards.md = CodeStandards.md
		ConfigurationSettingDocumentation.md = ConfigurationSettingDocumentation.md
		DevelopmentSetup.md = DevelopmentSetup.md
		ImplementationChecklist.md = ImplementationChecklist.md
		ADCustomPolicy\PasswordReset.xml = ADCustomPolicy\PasswordReset.xml
		ADCustomPolicy\ProfileEdit.xml = ADCustomPolicy\ProfileEdit.xml
		ReadMe.md = ReadMe.md
		ADCustomPolicy\readme.md = ADCustomPolicy\readme.md
		ADCustomPolicy\SignUpOrSignin.xml = ADCustomPolicy\SignUpOrSignin.xml
		ADCustomPolicy\TrustFrameworkBase.xml = ADCustomPolicy\TrustFrameworkBase.xml
		ADCustomPolicy\TrustFrameworkExtensions.xml = ADCustomPolicy\TrustFrameworkExtensions.xml
		ADCustomPolicy\TrustFrameworkLocalization.xml = ADCustomPolicy\TrustFrameworkLocalization.xml
	EndProjectSection
EndProject
Project("{9A19103F-16F7-4668-BE54-9A1E7A4F7556}") = "Menominee.ModelDiagram", "Menominee.ModelDiagram\Menominee.ModelDiagram.csproj", "{345ADDCD-4219-4DDA-8893-5C60BB2A8EB8}"
EndProject
Project("{9A19103F-16F7-4668-BE54-9A1E7A4F7556}") = "Menominee.TestingHelperLibrary", "TestingHelperLibrary\Menominee.TestingHelperLibrary.csproj", "{5C1A8C44-813D-4DC6-ACE6-4F4A7C55B41A}"
EndProject
Project("{9A19103F-16F7-4668-BE54-9A1E7A4F7556}") = "Menominee.Api", "Menominee.Api\Menominee.Api.csproj", "{7BCD3C2B-20DB-4796-81C2-176F6436E438}"
EndProject
Project("{9A19103F-16F7-4668-BE54-9A1E7A4F7556}") = "Menominee.Data", "Menominee.Data\Menominee.Data.csproj", "{CD5364DE-8E4F-47D0-B913-017FC0073A06}"
EndProject
Project("{9A19103F-16F7-4668-BE54-9A1E7A4F7556}") = "Menominee.Domain", "Menominee.Domain\Menominee.Domain.csproj", "{19FD3972-EA1F-4C81-B54C-22E1C251A2A6}"
EndProject
Project("{9A19103F-16F7-4668-BE54-9A1E7A4F7556}") = "Menominee.Shared", "Menominee.Shared\Menominee.Shared.csproj", "{E0BFBFD4-499F-4D9C-9E26-29CB7E038397}"
EndProject
Project("{9A19103F-16F7-4668-BE54-9A1E7A4F7556}") = "Menominee.Tests", "Menominee.Tests\Menominee.Tests.csproj", "{C549645F-2D53-4301-8835-2CB143E5664F}"
EndProject
Project("{9A19103F-16F7-4668-BE54-9A1E7A4F7556}") = "Menominee.Tests.Integration", "Menominee.Tests.Integration\Menominee.Tests.Integration.csproj", "{9CC94B3E-4012-456D-85F7-E666C6B0264E}"
EndProject
Project("{9A19103F-16F7-4668-BE54-9A1E7A4F7556}") = "Menominee.Client", "Menominee.Client\Menominee.Client.csproj", "{3A6AF8D5-21D4-49A3-B3DB-1B829C2BB133}"
EndProject
Project("{9A19103F-16F7-4668-BE54-9A1E7A4F7556}") = "Menominee.Tests.Blazor", "Menominee.Tests.Blazor\Menominee.Tests.Blazor.csproj", "{AF6D7034-35D6-4CA5-A826-FA549E39368E}"
EndProject
Global
	GlobalSection(SolutionConfigurationPlatforms) = preSolution
		Debug|Any CPU = Debug|Any CPU
		Release|Any CPU = Release|Any CPU
	EndGlobalSection
	GlobalSection(ProjectConfigurationPlatforms) = postSolution
		{345ADDCD-4219-4DDA-8893-5C60BB2A8EB8}.Debug|Any CPU.ActiveCfg = Debug|Any CPU
		{345ADDCD-4219-4DDA-8893-5C60BB2A8EB8}.Debug|Any CPU.Build.0 = Debug|Any CPU
		{345ADDCD-4219-4DDA-8893-5C60BB2A8EB8}.Release|Any CPU.ActiveCfg = Release|Any CPU
		{345ADDCD-4219-4DDA-8893-5C60BB2A8EB8}.Release|Any CPU.Build.0 = Release|Any CPU
		{5C1A8C44-813D-4DC6-ACE6-4F4A7C55B41A}.Debug|Any CPU.ActiveCfg = Debug|Any CPU
		{5C1A8C44-813D-4DC6-ACE6-4F4A7C55B41A}.Debug|Any CPU.Build.0 = Debug|Any CPU
		{5C1A8C44-813D-4DC6-ACE6-4F4A7C55B41A}.Release|Any CPU.ActiveCfg = Release|Any CPU
		{5C1A8C44-813D-4DC6-ACE6-4F4A7C55B41A}.Release|Any CPU.Build.0 = Release|Any CPU
		{7BCD3C2B-20DB-4796-81C2-176F6436E438}.Debug|Any CPU.ActiveCfg = Debug|Any CPU
		{7BCD3C2B-20DB-4796-81C2-176F6436E438}.Debug|Any CPU.Build.0 = Debug|Any CPU
		{7BCD3C2B-20DB-4796-81C2-176F6436E438}.Release|Any CPU.ActiveCfg = Release|Any CPU
		{7BCD3C2B-20DB-4796-81C2-176F6436E438}.Release|Any CPU.Build.0 = Release|Any CPU
		{CD5364DE-8E4F-47D0-B913-017FC0073A06}.Debug|Any CPU.ActiveCfg = Debug|Any CPU
		{CD5364DE-8E4F-47D0-B913-017FC0073A06}.Debug|Any CPU.Build.0 = Debug|Any CPU
		{CD5364DE-8E4F-47D0-B913-017FC0073A06}.Release|Any CPU.ActiveCfg = Release|Any CPU
		{CD5364DE-8E4F-47D0-B913-017FC0073A06}.Release|Any CPU.Build.0 = Release|Any CPU
		{19FD3972-EA1F-4C81-B54C-22E1C251A2A6}.Debug|Any CPU.ActiveCfg = Debug|Any CPU
		{19FD3972-EA1F-4C81-B54C-22E1C251A2A6}.Debug|Any CPU.Build.0 = Debug|Any CPU
		{19FD3972-EA1F-4C81-B54C-22E1C251A2A6}.Release|Any CPU.ActiveCfg = Release|Any CPU
		{19FD3972-EA1F-4C81-B54C-22E1C251A2A6}.Release|Any CPU.Build.0 = Release|Any CPU
		{E0BFBFD4-499F-4D9C-9E26-29CB7E038397}.Debug|Any CPU.ActiveCfg = Debug|Any CPU
		{E0BFBFD4-499F-4D9C-9E26-29CB7E038397}.Debug|Any CPU.Build.0 = Debug|Any CPU
		{E0BFBFD4-499F-4D9C-9E26-29CB7E038397}.Release|Any CPU.ActiveCfg = Release|Any CPU
		{E0BFBFD4-499F-4D9C-9E26-29CB7E038397}.Release|Any CPU.Build.0 = Release|Any CPU
		{C549645F-2D53-4301-8835-2CB143E5664F}.Debug|Any CPU.ActiveCfg = Debug|Any CPU
		{C549645F-2D53-4301-8835-2CB143E5664F}.Debug|Any CPU.Build.0 = Debug|Any CPU
		{C549645F-2D53-4301-8835-2CB143E5664F}.Release|Any CPU.ActiveCfg = Release|Any CPU
		{C549645F-2D53-4301-8835-2CB143E5664F}.Release|Any CPU.Build.0 = Release|Any CPU
		{9CC94B3E-4012-456D-85F7-E666C6B0264E}.Debug|Any CPU.ActiveCfg = Debug|Any CPU
		{9CC94B3E-4012-456D-85F7-E666C6B0264E}.Debug|Any CPU.Build.0 = Debug|Any CPU
		{9CC94B3E-4012-456D-85F7-E666C6B0264E}.Release|Any CPU.ActiveCfg = Release|Any CPU
		{9CC94B3E-4012-456D-85F7-E666C6B0264E}.Release|Any CPU.Build.0 = Release|Any CPU
		{3A6AF8D5-21D4-49A3-B3DB-1B829C2BB133}.Debug|Any CPU.ActiveCfg = Debug|Any CPU
		{3A6AF8D5-21D4-49A3-B3DB-1B829C2BB133}.Debug|Any CPU.Build.0 = Debug|Any CPU
		{3A6AF8D5-21D4-49A3-B3DB-1B829C2BB133}.Release|Any CPU.ActiveCfg = Release|Any CPU
		{3A6AF8D5-21D4-49A3-B3DB-1B829C2BB133}.Release|Any CPU.Build.0 = Release|Any CPU
		{AF6D7034-35D6-4CA5-A826-FA549E39368E}.Debug|Any CPU.ActiveCfg = Debug|Any CPU
		{AF6D7034-35D6-4CA5-A826-FA549E39368E}.Debug|Any CPU.Build.0 = Debug|Any CPU
		{AF6D7034-35D6-4CA5-A826-FA549E39368E}.Release|Any CPU.ActiveCfg = Release|Any CPU
		{AF6D7034-35D6-4CA5-A826-FA549E39368E}.Release|Any CPU.Build.0 = Release|Any CPU
	EndGlobalSection
	GlobalSection(SolutionProperties) = preSolution
		HideSolutionNode = FALSE
	EndGlobalSection
	GlobalSection(ExtensibilityGlobals) = postSolution
		SolutionGuid = {645DCBDD-74CB-49E1-8FD9-EDF9F1A97E36}
	EndGlobalSection
EndGlobal
