
Microsoft Visual Studio Solution File, Format Version 12.00
# Visual Studio Version 17
VisualStudioVersion = 17.1.32319.34
MinimumVisualStudioVersion = 10.0.40219.1
Project("{2150E333-8FDC-42A3-9474-1A3956D46DE8}") = "CustomerVehicleManagement", "CustomerVehicleManagement", "{3D28A673-921E-4D25-BDAC-7619F93B4151}"
EndProject
Project("{9A19103F-16F7-4668-BE54-9A1E7A4F7556}") = "CustomerVehicleManagement.Domain", "CustomerVehicleManagement.Domain\CustomerVehicleManagement.Domain.csproj", "{EACCA922-3516-439B-BCE9-24ACC8DE914F}"
EndProject
Project("{9A19103F-16F7-4668-BE54-9A1E7A4F7556}") = "CustomerVehicleManagement.Api", "CustomerVehicleManagement.Api\CustomerVehicleManagement.Api.csproj", "{D16C3A14-1260-425B-BEF3-AF04D1FEFC78}"
EndProject
Project("{9A19103F-16F7-4668-BE54-9A1E7A4F7556}") = "CustomerVehicleManagement.Api.IntegrationTests", "CustomerVehicleManagement.Api.IntegrationTests\CustomerVehicleManagement.Api.IntegrationTests.csproj", "{1E6810F2-097A-4214-9663-5650306E5EA2}"
EndProject
Project("{9A19103F-16F7-4668-BE54-9A1E7A4F7556}") = "CustomerVehicleManagement.UnitTests", "CustomerVehicleManagement.UnitTests\CustomerVehicleManagement.UnitTests.csproj", "{1C4F199D-AC75-4339-8156-5FFAED3FC230}"
EndProject
Project("{9A19103F-16F7-4668-BE54-9A1E7A4F7556}") = "CustomerVehicleManagement.Shared", "CustomerVehicleManagement.Shared\CustomerVehicleManagement.Shared.csproj", "{4B24AD27-361B-4ECE-AF60-3467E7A473A9}"
EndProject
Project("{9A19103F-16F7-4668-BE54-9A1E7A4F7556}") = "Menominee.Common", "Menominee.Common\Menominee.Common.csproj", "{4ED3B2BF-C725-4711-8488-C678FB9AF910}"
EndProject
Project("{2150E333-8FDC-42A3-9474-1A3956D46DE8}") = "Solution Items", "Solution Items", "{71AA1B17-85C6-4BD6-A656-D0D05F3BF051}"
	ProjectSection(SolutionItems) = preProject
		DevelopmentProcess.md = DevelopmentProcess.md
		ImplementationChecklist.md = ImplementationChecklist.md
	EndProjectSection
EndProject
Project("{9A19103F-16F7-4668-BE54-9A1E7A4F7556}") = "Janco.Idp", "Janco.Idp\Janco.Idp.csproj", "{246904EB-2524-4BA3-8C7E-2F25E8AD981E}"
EndProject
Project("{9A19103F-16F7-4668-BE54-9A1E7A4F7556}") = "Menominee.ModelDiagram", "Menominee.ModelDiagram\Menominee.ModelDiagram.csproj", "{345ADDCD-4219-4DDA-8893-5C60BB2A8EB8}"
EndProject
Project("{9A19103F-16F7-4668-BE54-9A1E7A4F7556}") = "Menominee.Client", "Menominee.Client\Menominee.Client.csproj", "{485F1F7A-984E-44B4-AE5E-31E0650F10ED}"
EndProject
Global
	GlobalSection(SolutionConfigurationPlatforms) = preSolution
		Debug|Any CPU = Debug|Any CPU
		Release|Any CPU = Release|Any CPU
	EndGlobalSection
	GlobalSection(ProjectConfigurationPlatforms) = postSolution
		{EACCA922-3516-439B-BCE9-24ACC8DE914F}.Debug|Any CPU.ActiveCfg = Debug|Any CPU
		{EACCA922-3516-439B-BCE9-24ACC8DE914F}.Debug|Any CPU.Build.0 = Debug|Any CPU
		{EACCA922-3516-439B-BCE9-24ACC8DE914F}.Release|Any CPU.ActiveCfg = Release|Any CPU
		{EACCA922-3516-439B-BCE9-24ACC8DE914F}.Release|Any CPU.Build.0 = Release|Any CPU
		{D16C3A14-1260-425B-BEF3-AF04D1FEFC78}.Debug|Any CPU.ActiveCfg = Debug|Any CPU
		{D16C3A14-1260-425B-BEF3-AF04D1FEFC78}.Debug|Any CPU.Build.0 = Debug|Any CPU
		{D16C3A14-1260-425B-BEF3-AF04D1FEFC78}.Release|Any CPU.ActiveCfg = Release|Any CPU
		{D16C3A14-1260-425B-BEF3-AF04D1FEFC78}.Release|Any CPU.Build.0 = Release|Any CPU
		{1E6810F2-097A-4214-9663-5650306E5EA2}.Debug|Any CPU.ActiveCfg = Debug|Any CPU
		{1E6810F2-097A-4214-9663-5650306E5EA2}.Debug|Any CPU.Build.0 = Debug|Any CPU
		{1E6810F2-097A-4214-9663-5650306E5EA2}.Release|Any CPU.ActiveCfg = Release|Any CPU
		{1E6810F2-097A-4214-9663-5650306E5EA2}.Release|Any CPU.Build.0 = Release|Any CPU
		{1C4F199D-AC75-4339-8156-5FFAED3FC230}.Debug|Any CPU.ActiveCfg = Debug|Any CPU
		{1C4F199D-AC75-4339-8156-5FFAED3FC230}.Debug|Any CPU.Build.0 = Debug|Any CPU
		{1C4F199D-AC75-4339-8156-5FFAED3FC230}.Release|Any CPU.ActiveCfg = Release|Any CPU
		{1C4F199D-AC75-4339-8156-5FFAED3FC230}.Release|Any CPU.Build.0 = Release|Any CPU
		{4B24AD27-361B-4ECE-AF60-3467E7A473A9}.Debug|Any CPU.ActiveCfg = Debug|Any CPU
		{4B24AD27-361B-4ECE-AF60-3467E7A473A9}.Debug|Any CPU.Build.0 = Debug|Any CPU
		{4B24AD27-361B-4ECE-AF60-3467E7A473A9}.Release|Any CPU.ActiveCfg = Release|Any CPU
		{4B24AD27-361B-4ECE-AF60-3467E7A473A9}.Release|Any CPU.Build.0 = Release|Any CPU
		{4ED3B2BF-C725-4711-8488-C678FB9AF910}.Debug|Any CPU.ActiveCfg = Debug|Any CPU
		{4ED3B2BF-C725-4711-8488-C678FB9AF910}.Debug|Any CPU.Build.0 = Debug|Any CPU
		{4ED3B2BF-C725-4711-8488-C678FB9AF910}.Release|Any CPU.ActiveCfg = Release|Any CPU
		{4ED3B2BF-C725-4711-8488-C678FB9AF910}.Release|Any CPU.Build.0 = Release|Any CPU
		{246904EB-2524-4BA3-8C7E-2F25E8AD981E}.Debug|Any CPU.ActiveCfg = Debug|Any CPU
		{246904EB-2524-4BA3-8C7E-2F25E8AD981E}.Debug|Any CPU.Build.0 = Debug|Any CPU
		{246904EB-2524-4BA3-8C7E-2F25E8AD981E}.Release|Any CPU.ActiveCfg = Release|Any CPU
		{246904EB-2524-4BA3-8C7E-2F25E8AD981E}.Release|Any CPU.Build.0 = Release|Any CPU
		{345ADDCD-4219-4DDA-8893-5C60BB2A8EB8}.Debug|Any CPU.ActiveCfg = Debug|Any CPU
		{345ADDCD-4219-4DDA-8893-5C60BB2A8EB8}.Debug|Any CPU.Build.0 = Debug|Any CPU
		{345ADDCD-4219-4DDA-8893-5C60BB2A8EB8}.Release|Any CPU.ActiveCfg = Release|Any CPU
		{345ADDCD-4219-4DDA-8893-5C60BB2A8EB8}.Release|Any CPU.Build.0 = Release|Any CPU
		{485F1F7A-984E-44B4-AE5E-31E0650F10ED}.Debug|Any CPU.ActiveCfg = Debug|Any CPU
		{485F1F7A-984E-44B4-AE5E-31E0650F10ED}.Debug|Any CPU.Build.0 = Debug|Any CPU
		{485F1F7A-984E-44B4-AE5E-31E0650F10ED}.Release|Any CPU.ActiveCfg = Release|Any CPU
		{485F1F7A-984E-44B4-AE5E-31E0650F10ED}.Release|Any CPU.Build.0 = Release|Any CPU
	EndGlobalSection
	GlobalSection(SolutionProperties) = preSolution
		HideSolutionNode = FALSE
	EndGlobalSection
	GlobalSection(NestedProjects) = preSolution
		{EACCA922-3516-439B-BCE9-24ACC8DE914F} = {3D28A673-921E-4D25-BDAC-7619F93B4151}
		{D16C3A14-1260-425B-BEF3-AF04D1FEFC78} = {3D28A673-921E-4D25-BDAC-7619F93B4151}
		{1E6810F2-097A-4214-9663-5650306E5EA2} = {3D28A673-921E-4D25-BDAC-7619F93B4151}
		{1C4F199D-AC75-4339-8156-5FFAED3FC230} = {3D28A673-921E-4D25-BDAC-7619F93B4151}
		{4B24AD27-361B-4ECE-AF60-3467E7A473A9} = {3D28A673-921E-4D25-BDAC-7619F93B4151}
	EndGlobalSection
	GlobalSection(ExtensibilityGlobals) = postSolution
		SolutionGuid = {645DCBDD-74CB-49E1-8FD9-EDF9F1A97E36}
	EndGlobalSection
EndGlobal
