
Microsoft Visual Studio Solution File, Format Version 12.00
# Visual Studio Version 16
VisualStudioVersion = 16.0.30621.155
MinimumVisualStudioVersion = 10.0.40219.1
Project("{9A19103F-16F7-4668-BE54-9A1E7A4F7556}") = "ConsoleApp", "ConsoleApp\ConsoleApp.csproj", "{E2AA87B1-F798-4741-A899-4CA2C4978E63}"
EndProject
Project("{2150E333-8FDC-42A3-9474-1A3956D46DE8}") = "CustomerVehicleManagement", "CustomerVehicleManagement", "{3D28A673-921E-4D25-BDAC-7619F93B4151}"
EndProject
Project("{9A19103F-16F7-4668-BE54-9A1E7A4F7556}") = "CustomerVehicleManagement.Core", "CustomerVehicleManagement.Core\CustomerVehicleManagement.Core.csproj", "{EACCA922-3516-439B-BCE9-24ACC8DE914F}"
EndProject
Project("{9A19103F-16F7-4668-BE54-9A1E7A4F7556}") = "CustomerVehicleManagement.Data", "CustomerVehicleManagement.Data\CustomerVehicleManagement.Data.csproj", "{5CDD6DF2-2522-4875-BA7E-664384EE46F1}"
EndProject
Project("{2150E333-8FDC-42A3-9474-1A3956D46DE8}") = "TicketManagement", "TicketManagement", "{B388353A-E2DB-401A-A139-A006426EF8C8}"
EndProject
Project("{9A19103F-16F7-4668-BE54-9A1E7A4F7556}") = "TicketManagement.Core", "TicketManagement.Core\TicketManagement.Core.csproj", "{90622B43-4677-4927-9B4A-F5A5FECFEE86}"
EndProject
Project("{9A19103F-16F7-4668-BE54-9A1E7A4F7556}") = "TicketManagement.Data", "TicketManagement.Data\TicketManagement.Data.csproj", "{55B9DF94-E214-46C8-861F-6C14EC0314A2}"
EndProject
Project("{9A19103F-16F7-4668-BE54-9A1E7A4F7556}") = "SharedKernel", "SharedKernel\SharedKernel.csproj", "{906E971D-D608-433E-8C54-60D5DD65504E}"
EndProject
Project("{9A19103F-16F7-4668-BE54-9A1E7A4F7556}") = "CustomerVehicleManagement.Tests", "CustomerVehicleManagement.Tests\CustomerVehicleManagement.Tests.csproj", "{F679CF15-8156-472E-A751-2B10776F1D86}"
EndProject
Project("{9A19103F-16F7-4668-BE54-9A1E7A4F7556}") = "TicketManagement.Tests", "TicketManagement.Tests\TicketManagement.Tests.csproj", "{729C98FC-B5E9-4AB4-9C63-C7FD0E8DA21C}"
EndProject
Project("{2150E333-8FDC-42A3-9474-1A3956D46DE8}") = "Migrations", "Migrations", "{02718534-DCC7-428B-A223-3B8EB8D25856}"
EndProject
Project("{9A19103F-16F7-4668-BE54-9A1E7A4F7556}") = "Migrations.Core", "Migrations.Core\Migrations.Core.csproj", "{62DBE191-0E04-403F-8CCE-39FE0E7C5651}"
EndProject
Project("{9A19103F-16F7-4668-BE54-9A1E7A4F7556}") = "Migrations.Data", "Migrations.Data\Migrations.Data.csproj", "{207BCFBD-6D9B-4349-92AD-E0A00DFF3E3F}"
EndProject
Project("{9A19103F-16F7-4668-BE54-9A1E7A4F7556}") = "Migrations.Api", "Migrations.Api\Migrations.Api.csproj", "{44F5E7AF-9714-4980-8690-C9ADC9D3C081}"
EndProject
Project("{9A19103F-16F7-4668-BE54-9A1E7A4F7556}") = "ClientApp", "ClientApp\ClientApp.csproj", "{5AE24265-CED8-4B6D-93B8-C8416638B391}"
EndProject
Project("{FAE04EC0-301F-11D3-BF4B-00C04F79EFBC}") = "Migrations.Tests", "Migrations.Tests\Migrations.Tests.csproj", "{FBF430B9-FF38-4BF4-B652-BBC4A6EE7180}"
EndProject
Global
	GlobalSection(SolutionConfigurationPlatforms) = preSolution
		Debug|Any CPU = Debug|Any CPU
		Release|Any CPU = Release|Any CPU
	EndGlobalSection
	GlobalSection(ProjectConfigurationPlatforms) = postSolution
		{E2AA87B1-F798-4741-A899-4CA2C4978E63}.Debug|Any CPU.ActiveCfg = Debug|Any CPU
		{E2AA87B1-F798-4741-A899-4CA2C4978E63}.Debug|Any CPU.Build.0 = Debug|Any CPU
		{E2AA87B1-F798-4741-A899-4CA2C4978E63}.Release|Any CPU.ActiveCfg = Release|Any CPU
		{E2AA87B1-F798-4741-A899-4CA2C4978E63}.Release|Any CPU.Build.0 = Release|Any CPU
		{EACCA922-3516-439B-BCE9-24ACC8DE914F}.Debug|Any CPU.ActiveCfg = Debug|Any CPU
		{EACCA922-3516-439B-BCE9-24ACC8DE914F}.Debug|Any CPU.Build.0 = Debug|Any CPU
		{EACCA922-3516-439B-BCE9-24ACC8DE914F}.Release|Any CPU.ActiveCfg = Release|Any CPU
		{EACCA922-3516-439B-BCE9-24ACC8DE914F}.Release|Any CPU.Build.0 = Release|Any CPU
		{5CDD6DF2-2522-4875-BA7E-664384EE46F1}.Debug|Any CPU.ActiveCfg = Debug|Any CPU
		{5CDD6DF2-2522-4875-BA7E-664384EE46F1}.Debug|Any CPU.Build.0 = Debug|Any CPU
		{5CDD6DF2-2522-4875-BA7E-664384EE46F1}.Release|Any CPU.ActiveCfg = Release|Any CPU
		{5CDD6DF2-2522-4875-BA7E-664384EE46F1}.Release|Any CPU.Build.0 = Release|Any CPU
		{90622B43-4677-4927-9B4A-F5A5FECFEE86}.Debug|Any CPU.ActiveCfg = Debug|Any CPU
		{90622B43-4677-4927-9B4A-F5A5FECFEE86}.Debug|Any CPU.Build.0 = Debug|Any CPU
		{90622B43-4677-4927-9B4A-F5A5FECFEE86}.Release|Any CPU.ActiveCfg = Release|Any CPU
		{90622B43-4677-4927-9B4A-F5A5FECFEE86}.Release|Any CPU.Build.0 = Release|Any CPU
		{55B9DF94-E214-46C8-861F-6C14EC0314A2}.Debug|Any CPU.ActiveCfg = Debug|Any CPU
		{55B9DF94-E214-46C8-861F-6C14EC0314A2}.Debug|Any CPU.Build.0 = Debug|Any CPU
		{55B9DF94-E214-46C8-861F-6C14EC0314A2}.Release|Any CPU.ActiveCfg = Release|Any CPU
		{55B9DF94-E214-46C8-861F-6C14EC0314A2}.Release|Any CPU.Build.0 = Release|Any CPU
		{906E971D-D608-433E-8C54-60D5DD65504E}.Debug|Any CPU.ActiveCfg = Debug|Any CPU
		{906E971D-D608-433E-8C54-60D5DD65504E}.Debug|Any CPU.Build.0 = Debug|Any CPU
		{906E971D-D608-433E-8C54-60D5DD65504E}.Release|Any CPU.ActiveCfg = Release|Any CPU
		{906E971D-D608-433E-8C54-60D5DD65504E}.Release|Any CPU.Build.0 = Release|Any CPU
		{F679CF15-8156-472E-A751-2B10776F1D86}.Debug|Any CPU.ActiveCfg = Debug|Any CPU
		{F679CF15-8156-472E-A751-2B10776F1D86}.Debug|Any CPU.Build.0 = Debug|Any CPU
		{F679CF15-8156-472E-A751-2B10776F1D86}.Release|Any CPU.ActiveCfg = Release|Any CPU
		{F679CF15-8156-472E-A751-2B10776F1D86}.Release|Any CPU.Build.0 = Release|Any CPU
		{729C98FC-B5E9-4AB4-9C63-C7FD0E8DA21C}.Debug|Any CPU.ActiveCfg = Debug|Any CPU
		{729C98FC-B5E9-4AB4-9C63-C7FD0E8DA21C}.Debug|Any CPU.Build.0 = Debug|Any CPU
		{729C98FC-B5E9-4AB4-9C63-C7FD0E8DA21C}.Release|Any CPU.ActiveCfg = Release|Any CPU
		{729C98FC-B5E9-4AB4-9C63-C7FD0E8DA21C}.Release|Any CPU.Build.0 = Release|Any CPU
		{62DBE191-0E04-403F-8CCE-39FE0E7C5651}.Debug|Any CPU.ActiveCfg = Debug|Any CPU
		{62DBE191-0E04-403F-8CCE-39FE0E7C5651}.Debug|Any CPU.Build.0 = Debug|Any CPU
		{62DBE191-0E04-403F-8CCE-39FE0E7C5651}.Release|Any CPU.ActiveCfg = Release|Any CPU
		{62DBE191-0E04-403F-8CCE-39FE0E7C5651}.Release|Any CPU.Build.0 = Release|Any CPU
		{207BCFBD-6D9B-4349-92AD-E0A00DFF3E3F}.Debug|Any CPU.ActiveCfg = Debug|Any CPU
		{207BCFBD-6D9B-4349-92AD-E0A00DFF3E3F}.Debug|Any CPU.Build.0 = Debug|Any CPU
		{207BCFBD-6D9B-4349-92AD-E0A00DFF3E3F}.Release|Any CPU.ActiveCfg = Release|Any CPU
		{207BCFBD-6D9B-4349-92AD-E0A00DFF3E3F}.Release|Any CPU.Build.0 = Release|Any CPU
		{44F5E7AF-9714-4980-8690-C9ADC9D3C081}.Debug|Any CPU.ActiveCfg = Debug|Any CPU
		{44F5E7AF-9714-4980-8690-C9ADC9D3C081}.Debug|Any CPU.Build.0 = Debug|Any CPU
		{44F5E7AF-9714-4980-8690-C9ADC9D3C081}.Release|Any CPU.ActiveCfg = Release|Any CPU
		{44F5E7AF-9714-4980-8690-C9ADC9D3C081}.Release|Any CPU.Build.0 = Release|Any CPU
		{5AE24265-CED8-4B6D-93B8-C8416638B391}.Debug|Any CPU.ActiveCfg = Debug|Any CPU
		{5AE24265-CED8-4B6D-93B8-C8416638B391}.Debug|Any CPU.Build.0 = Debug|Any CPU
		{5AE24265-CED8-4B6D-93B8-C8416638B391}.Release|Any CPU.ActiveCfg = Release|Any CPU
		{5AE24265-CED8-4B6D-93B8-C8416638B391}.Release|Any CPU.Build.0 = Release|Any CPU
		{FBF430B9-FF38-4BF4-B652-BBC4A6EE7180}.Debug|Any CPU.ActiveCfg = Debug|Any CPU
		{FBF430B9-FF38-4BF4-B652-BBC4A6EE7180}.Debug|Any CPU.Build.0 = Debug|Any CPU
		{FBF430B9-FF38-4BF4-B652-BBC4A6EE7180}.Release|Any CPU.ActiveCfg = Release|Any CPU
		{FBF430B9-FF38-4BF4-B652-BBC4A6EE7180}.Release|Any CPU.Build.0 = Release|Any CPU
	EndGlobalSection
	GlobalSection(SolutionProperties) = preSolution
		HideSolutionNode = FALSE
	EndGlobalSection
	GlobalSection(NestedProjects) = preSolution
		{EACCA922-3516-439B-BCE9-24ACC8DE914F} = {3D28A673-921E-4D25-BDAC-7619F93B4151}
		{5CDD6DF2-2522-4875-BA7E-664384EE46F1} = {3D28A673-921E-4D25-BDAC-7619F93B4151}
		{90622B43-4677-4927-9B4A-F5A5FECFEE86} = {B388353A-E2DB-401A-A139-A006426EF8C8}
		{55B9DF94-E214-46C8-861F-6C14EC0314A2} = {B388353A-E2DB-401A-A139-A006426EF8C8}
		{F679CF15-8156-472E-A751-2B10776F1D86} = {3D28A673-921E-4D25-BDAC-7619F93B4151}
		{729C98FC-B5E9-4AB4-9C63-C7FD0E8DA21C} = {B388353A-E2DB-401A-A139-A006426EF8C8}
		{62DBE191-0E04-403F-8CCE-39FE0E7C5651} = {02718534-DCC7-428B-A223-3B8EB8D25856}
		{207BCFBD-6D9B-4349-92AD-E0A00DFF3E3F} = {02718534-DCC7-428B-A223-3B8EB8D25856}
		{44F5E7AF-9714-4980-8690-C9ADC9D3C081} = {02718534-DCC7-428B-A223-3B8EB8D25856}
		{FBF430B9-FF38-4BF4-B652-BBC4A6EE7180} = {02718534-DCC7-428B-A223-3B8EB8D25856}
	EndGlobalSection
	GlobalSection(ExtensibilityGlobals) = postSolution
		SolutionGuid = {645DCBDD-74CB-49E1-8FD9-EDF9F1A97E36}
	EndGlobalSection
EndGlobal
